
Microsoft Visual Studio Solution File, Format Version 12.00
# Visual Studio 15
VisualStudioVersion = 15.0.28307.1738
MinimumVisualStudioVersion = 10.0.40219.1
Project("{FAE04EC0-301F-11D3-BF4B-00C04F79EFBC}") = "Lab02_Demo", "Lab02_Demo\Lab02_Demo.csproj", "{2109FA05-AC95-48FD-9347-D0F5BB4B78C5}"
EndProject
Global
	GlobalSection(SolutionConfigurationPlatforms) = preSolution
		Debug|Any CPU = Debug|Any CPU
		Release|Any CPU = Release|Any CPU
	EndGlobalSection
	GlobalSection(ProjectConfigurationPlatforms) = postSolution
		{2109FA05-AC95-48FD-9347-D0F5BB4B78C5}.Debug|Any CPU.ActiveCfg = Debug|Any CPU
		{2109FA05-AC95-48FD-9347-D0F5BB4B78C5}.Debug|Any CPU.Build.0 = Debug|Any CPU
		{2109FA05-AC95-48FD-9347-D0F5BB4B78C5}.Release|Any CPU.ActiveCfg = Release|Any CPU
		{2109FA05-AC95-48FD-9347-D0F5BB4B78C5}.Release|Any CPU.Build.0 = Release|Any CPU
	EndGlobalSection
	GlobalSection(SolutionProperties) = preSolution
		HideSolutionNode = FALSE
	EndGlobalSection
	GlobalSection(ExtensibilityGlobals) = postSolution
		SolutionGuid = {EE6DCB23-6845-4303-A333-F56701E710A6}
	EndGlobalSection
EndGlobal
