
Microsoft Visual Studio Solution File, Format Version 12.00
# Visual Studio 15
VisualStudioVersion = 15.0.28307.1972
MinimumVisualStudioVersion = 10.0.40219.1
Project("{FAE04EC0-301F-11D3-BF4B-00C04F79EFBC}") = "ADOFrameWork", "BT_QLSV\ADOFrameWork.csproj", "{D43A48E9-8DF7-42B7-A7C9-9C4AF167540E}"
EndProject
Project("{FAE04EC0-301F-11D3-BF4B-00C04F79EFBC}") = "EntityFrameWorkCodeFIrst", "EntityFrameWorkCodeFIrst\EntityFrameWorkCodeFIrst.csproj", "{F2E8AC03-05AD-463F-81DC-AD5617E2D409}"
EndProject
Project("{FAE04EC0-301F-11D3-BF4B-00C04F79EFBC}") = "EntityFrameworkDBFirst", "EntityFrameworkDBFirst\EntityFrameworkDBFirst.csproj", "{549EB779-25B9-43F9-8CDB-E4310645D93E}"
EndProject
Global
	GlobalSection(SolutionConfigurationPlatforms) = preSolution
		Debug|Any CPU = Debug|Any CPU
		Release|Any CPU = Release|Any CPU
	EndGlobalSection
	GlobalSection(ProjectConfigurationPlatforms) = postSolution
		{D43A48E9-8DF7-42B7-A7C9-9C4AF167540E}.Debug|Any CPU.ActiveCfg = Debug|Any CPU
		{D43A48E9-8DF7-42B7-A7C9-9C4AF167540E}.Debug|Any CPU.Build.0 = Debug|Any CPU
		{D43A48E9-8DF7-42B7-A7C9-9C4AF167540E}.Release|Any CPU.ActiveCfg = Release|Any CPU
		{D43A48E9-8DF7-42B7-A7C9-9C4AF167540E}.Release|Any CPU.Build.0 = Release|Any CPU
		{F2E8AC03-05AD-463F-81DC-AD5617E2D409}.Debug|Any CPU.ActiveCfg = Debug|Any CPU
		{F2E8AC03-05AD-463F-81DC-AD5617E2D409}.Debug|Any CPU.Build.0 = Debug|Any CPU
		{F2E8AC03-05AD-463F-81DC-AD5617E2D409}.Release|Any CPU.ActiveCfg = Release|Any CPU
		{F2E8AC03-05AD-463F-81DC-AD5617E2D409}.Release|Any CPU.Build.0 = Release|Any CPU
		{549EB779-25B9-43F9-8CDB-E4310645D93E}.Debug|Any CPU.ActiveCfg = Debug|Any CPU
		{549EB779-25B9-43F9-8CDB-E4310645D93E}.Debug|Any CPU.Build.0 = Debug|Any CPU
		{549EB779-25B9-43F9-8CDB-E4310645D93E}.Release|Any CPU.ActiveCfg = Release|Any CPU
		{549EB779-25B9-43F9-8CDB-E4310645D93E}.Release|Any CPU.Build.0 = Release|Any CPU
	EndGlobalSection
	GlobalSection(SolutionProperties) = preSolution
		HideSolutionNode = FALSE
	EndGlobalSection
	GlobalSection(ExtensibilityGlobals) = postSolution
		SolutionGuid = {06CDB504-3E05-464B-A5BA-E77CF471E67A}
	EndGlobalSection
EndGlobal
