
Microsoft Visual Studio Solution File, Format Version 12.00
# Visual Studio 15
VisualStudioVersion = 15.0.28307.1972
MinimumVisualStudioVersion = 10.0.40219.1
Project("{FAE04EC0-301F-11D3-BF4B-00C04F79EFBC}") = "Lab05", "Lab05\Lab05.csproj", "{2EB0CB49-D6EB-4005-9904-CBC1BC386FFF}"
EndProject
Global
	GlobalSection(SolutionConfigurationPlatforms) = preSolution
		Debug|Any CPU = Debug|Any CPU
		Release|Any CPU = Release|Any CPU
	EndGlobalSection
	GlobalSection(ProjectConfigurationPlatforms) = postSolution
		{2EB0CB49-D6EB-4005-9904-CBC1BC386FFF}.Debug|Any CPU.ActiveCfg = Debug|Any CPU
		{2EB0CB49-D6EB-4005-9904-CBC1BC386FFF}.Debug|Any CPU.Build.0 = Debug|Any CPU
		{2EB0CB49-D6EB-4005-9904-CBC1BC386FFF}.Release|Any CPU.ActiveCfg = Release|Any CPU
		{2EB0CB49-D6EB-4005-9904-CBC1BC386FFF}.Release|Any CPU.Build.0 = Release|Any CPU
	EndGlobalSection
	GlobalSection(SolutionProperties) = preSolution
		HideSolutionNode = FALSE
	EndGlobalSection
	GlobalSection(ExtensibilityGlobals) = postSolution
		SolutionGuid = {28A35007-EC3A-4356-BAFB-E022AA2F4470}
	EndGlobalSection
EndGlobal
