
Microsoft Visual Studio Solution File, Format Version 12.00
# Visual Studio Version 16
VisualStudioVersion = 16.0.30711.63
MinimumVisualStudioVersion = 10.0.40219.1
Project("{FAE04EC0-301F-11D3-BF4B-00C04F79EFBC}") = "OnThi", "OnThi\OnThi.csproj", "{A3501DA1-EA10-4C7E-BF20-E8556604029B}"
EndProject
Global
	GlobalSection(SolutionConfigurationPlatforms) = preSolution
		Debug|Any CPU = Debug|Any CPU
		Release|Any CPU = Release|Any CPU
	EndGlobalSection
	GlobalSection(ProjectConfigurationPlatforms) = postSolution
		{A3501DA1-EA10-4C7E-BF20-E8556604029B}.Debug|Any CPU.ActiveCfg = Debug|Any CPU
		{A3501DA1-EA10-4C7E-BF20-E8556604029B}.Debug|Any CPU.Build.0 = Debug|Any CPU
		{A3501DA1-EA10-4C7E-BF20-E8556604029B}.Release|Any CPU.ActiveCfg = Release|Any CPU
		{A3501DA1-EA10-4C7E-BF20-E8556604029B}.Release|Any CPU.Build.0 = Release|Any CPU
	EndGlobalSection
	GlobalSection(SolutionProperties) = preSolution
		HideSolutionNode = FALSE
	EndGlobalSection
	GlobalSection(ExtensibilityGlobals) = postSolution
		SolutionGuid = {4C0C8B4F-CFFE-4895-A99E-8DF3FB8DF622}
	EndGlobalSection
EndGlobal
